// !$*UTF8*$!
{
	archiveVersion = 1;
	classes = {
	};
	objectVersion = 50;
	objects = {

/* Begin PBXBuildFile section */
		1C47F9FB2256BCA200E509D1 /* AppDelegate.swift in Sources */ = {isa = PBXBuildFile; fileRef = 1C47F9FA2256BCA200E509D1 /* AppDelegate.swift */; };
		1C47F9FD2256BCA300E509D1 /* Assets.xcassets in Resources */ = {isa = PBXBuildFile; fileRef = 1C47F9FC2256BCA300E509D1 /* Assets.xcassets */; };
		1C47FA002256BCA300E509D1 /* MainMenu.xib in Resources */ = {isa = PBXBuildFile; fileRef = 1C47F9FE2256BCA300E509D1 /* MainMenu.xib */; };
		1C47FA092256C53900E509D1 /* Shaders.metal in Sources */ = {isa = PBXBuildFile; fileRef = 1C47FA082256C53900E509D1 /* Shaders.metal */; };
		C2DD50C02259593C001A0BEB /* ChineseWebsiteFloatScores.data in Resources */ = {isa = PBXBuildFile; fileRef = C2DD50BF2259593C001A0BEB /* ChineseWebsiteFloatScores.data */; };
/* End PBXBuildFile section */

/* Begin PBXFileReference section */
		1C47F9F72256BCA200E509D1 /* ParticleSimulation.app */ = {isa = PBXFileReference; explicitFileType = wrapper.application; includeInIndex = 0; path = ParticleSimulation.app; sourceTree = BUILT_PRODUCTS_DIR; };
		1C47F9FA2256BCA200E509D1 /* AppDelegate.swift */ = {isa = PBXFileReference; lastKnownFileType = sourcecode.swift; path = AppDelegate.swift; sourceTree = "<group>"; };
		1C47F9FC2256BCA300E509D1 /* Assets.xcassets */ = {isa = PBXFileReference; lastKnownFileType = folder.assetcatalog; path = Assets.xcassets; sourceTree = "<group>"; };
		1C47F9FF2256BCA300E509D1 /* Base */ = {isa = PBXFileReference; lastKnownFileType = file.xib; name = Base; path = Base.lproj/MainMenu.xib; sourceTree = "<group>"; };
		1C47FA012256BCA300E509D1 /* Info.plist */ = {isa = PBXFileReference; lastKnownFileType = text.plist.xml; path = Info.plist; sourceTree = "<group>"; };
		1C47FA022256BCA300E509D1 /* ParticleSimulation.entitlements */ = {isa = PBXFileReference; lastKnownFileType = text.plist.entitlements; path = ParticleSimulation.entitlements; sourceTree = "<group>"; };
		1C47FA082256C53900E509D1 /* Shaders.metal */ = {isa = PBXFileReference; lastKnownFileType = sourcecode.metal; path = Shaders.metal; sourceTree = "<group>"; };
		C2DD50BF2259593C001A0BEB /* ChineseWebsiteFloatScores.data */ = {isa = PBXFileReference; lastKnownFileType = file; path = ChineseWebsiteFloatScores.data; sourceTree = "<group>"; };
/* End PBXFileReference section */

/* Begin PBXFrameworksBuildPhase section */
		1C47F9F42256BCA200E509D1 /* Frameworks */ = {
			isa = PBXFrameworksBuildPhase;
			buildActionMask = 2147483647;
			files = (
			);
			runOnlyForDeploymentPostprocessing = 0;
		};
/* End PBXFrameworksBuildPhase section */

/* Begin PBXGroup section */
		1C47F9EE2256BCA200E509D1 = {
			isa = PBXGroup;
			children = (
				1C47F9F92256BCA200E509D1 /* ParticleSimulation */,
				1C47F9F82256BCA200E509D1 /* Products */,
			);
			sourceTree = "<group>";
		};
		1C47F9F82256BCA200E509D1 /* Products */ = {
			isa = PBXGroup;
			children = (
				1C47F9F72256BCA200E509D1 /* ParticleSimulation.app */,
			);
			name = Products;
			sourceTree = "<group>";
		};
		1C47F9F92256BCA200E509D1 /* ParticleSimulation */ = {
			isa = PBXGroup;
			children = (
				C2DD50BF2259593C001A0BEB /* ChineseWebsiteFloatScores.data */,
				1C47F9FA2256BCA200E509D1 /* AppDelegate.swift */,
				1C47F9FC2256BCA300E509D1 /* Assets.xcassets */,
				1C47F9FE2256BCA300E509D1 /* MainMenu.xib */,
				1C47FA012256BCA300E509D1 /* Info.plist */,
				1C47FA022256BCA300E509D1 /* ParticleSimulation.entitlements */,
				1C47FA082256C53900E509D1 /* Shaders.metal */,
			);
			path = ParticleSimulation;
			sourceTree = "<group>";
		};
/* End PBXGroup section */

/* Begin PBXNativeTarget section */
		1C47F9F62256BCA200E509D1 /* ParticleSimulation */ = {
			isa = PBXNativeTarget;
			buildConfigurationList = 1C47FA052256BCA300E509D1 /* Build configuration list for PBXNativeTarget "ParticleSimulation" */;
			buildPhases = (
				1C47F9F32256BCA200E509D1 /* Sources */,
				1C47F9F42256BCA200E509D1 /* Frameworks */,
				1C47F9F52256BCA200E509D1 /* Resources */,
			);
			buildRules = (
			);
			dependencies = (
			);
			name = ParticleSimulation;
			productName = ParticleSimulation;
			productReference = 1C47F9F72256BCA200E509D1 /* ParticleSimulation.app */;
			productType = "com.apple.product-type.application";
		};
/* End PBXNativeTarget section */

/* Begin PBXProject section */
		1C47F9EF2256BCA200E509D1 /* Project object */ = {
			isa = PBXProject;
			attributes = {
				LastSwiftUpdateCheck = 1020;
				LastUpgradeCheck = 1020;
				ORGANIZATIONNAME = "Myles C. Maxfield";
				TargetAttributes = {
					1C47F9F62256BCA200E509D1 = {
						CreatedOnToolsVersion = 10.2;
					};
				};
			};
			buildConfigurationList = 1C47F9F22256BCA200E509D1 /* Build configuration list for PBXProject "ParticleSimulation" */;
			compatibilityVersion = "Xcode 9.3";
			developmentRegion = en;
			hasScannedForEncodings = 0;
			knownRegions = (
				en,
				Base,
			);
			mainGroup = 1C47F9EE2256BCA200E509D1;
			productRefGroup = 1C47F9F82256BCA200E509D1 /* Products */;
			projectDirPath = "";
			projectRoot = "";
			targets = (
				1C47F9F62256BCA200E509D1 /* ParticleSimulation */,
			);
		};
/* End PBXProject section */

/* Begin PBXResourcesBuildPhase section */
		1C47F9F52256BCA200E509D1 /* Resources */ = {
			isa = PBXResourcesBuildPhase;
			buildActionMask = 2147483647;
			files = (
				1C47F9FD2256BCA300E509D1 /* Assets.xcassets in Resources */,
				C2DD50C02259593C001A0BEB /* ChineseWebsiteFloatScores.data in Resources */,
				1C47FA002256BCA300E509D1 /* MainMenu.xib in Resources */,
			);
			runOnlyForDeploymentPostprocessing = 0;
		};
/* End PBXResourcesBuildPhase section */

/* Begin PBXSourcesBuildPhase section */
		1C47F9F32256BCA200E509D1 /* Sources */ = {
			isa = PBXSourcesBuildPhase;
			buildActionMask = 2147483647;
			files = (
				1C47FA092256C53900E509D1 /* Shaders.metal in Sources */,
				1C47F9FB2256BCA200E509D1 /* AppDelegate.swift in Sources */,
			);
			runOnlyForDeploymentPostprocessing = 0;
		};
/* End PBXSourcesBuildPhase section */

/* Begin PBXVariantGroup section */
		1C47F9FE2256BCA300E509D1 /* MainMenu.xib */ = {
			isa = PBXVariantGroup;
			children = (
				1C47F9FF2256BCA300E509D1 /* Base */,
			);
			name = MainMenu.xib;
			sourceTree = "<group>";
		};
/* End PBXVariantGroup section */

/* Begin XCBuildConfiguration section */
		1C47FA032256BCA300E509D1 /* Debug */ = {
			isa = XCBuildConfiguration;
			buildSettings = {
				ALWAYS_SEARCH_USER_PATHS = NO;
				CLANG_ANALYZER_NONNULL = YES;
				CLANG_ANALYZER_NUMBER_OBJECT_CONVERSION = YES_AGGRESSIVE;
				CLANG_CXX_LANGUAGE_STANDARD = "gnu++14";
				CLANG_CXX_LIBRARY = "libc++";
				CLANG_ENABLE_MODULES = YES;
				CLANG_ENABLE_OBJC_ARC = YES;
				CLANG_ENABLE_OBJC_WEAK = YES;
				CLANG_WARN_BLOCK_CAPTURE_AUTORELEASING = YES;
				CLANG_WARN_BOOL_CONVERSION = YES;
				CLANG_WARN_COMMA = YES;
				CLANG_WARN_CONSTANT_CONVERSION = YES;
				CLANG_WARN_DEPRECATED_OBJC_IMPLEMENTATIONS = YES;
				CLANG_WARN_DIRECT_OBJC_ISA_USAGE = YES_ERROR;
				CLANG_WARN_DOCUMENTATION_COMMENTS = YES;
				CLANG_WARN_EMPTY_BODY = YES;
				CLANG_WARN_ENUM_CONVERSION = YES;
				CLANG_WARN_INFINITE_RECURSION = YES;
				CLANG_WARN_INT_CONVERSION = YES;
				CLANG_WARN_NON_LITERAL_NULL_CONVERSION = YES;
				CLANG_WARN_OBJC_IMPLICIT_RETAIN_SELF = YES;
				CLANG_WARN_OBJC_LITERAL_CONVERSION = YES;
				CLANG_WARN_OBJC_ROOT_CLASS = YES_ERROR;
				CLANG_WARN_RANGE_LOOP_ANALYSIS = YES;
				CLANG_WARN_STRICT_PROTOTYPES = YES;
				CLANG_WARN_SUSPICIOUS_MOVE = YES;
				CLANG_WARN_UNGUARDED_AVAILABILITY = YES_AGGRESSIVE;
				CLANG_WARN_UNREACHABLE_CODE = YES;
				CLANG_WARN__DUPLICATE_METHOD_MATCH = YES;
				CODE_SIGN_IDENTITY = "-";
				COPY_PHASE_STRIP = NO;
				DEBUG_INFORMATION_FORMAT = dwarf;
				ENABLE_STRICT_OBJC_MSGSEND = YES;
				ENABLE_TESTABILITY = YES;
				GCC_C_LANGUAGE_STANDARD = gnu11;
				GCC_DYNAMIC_NO_PIC = NO;
				GCC_NO_COMMON_BLOCKS = YES;
				GCC_OPTIMIZATION_LEVEL = 0;
				GCC_PREPROCESSOR_DEFINITIONS = (
					"DEBUG=1",
					"$(inherited)",
				);
				GCC_WARN_64_TO_32_BIT_CONVERSION = YES;
				GCC_WARN_ABOUT_RETURN_TYPE = YES_ERROR;
				GCC_WARN_UNDECLARED_SELECTOR = YES;
				GCC_WARN_UNINITIALIZED_AUTOS = YES_AGGRESSIVE;
				GCC_WARN_UNUSED_FUNCTION = YES;
				GCC_WARN_UNUSED_VARIABLE = YES;
				MACOSX_DEPLOYMENT_TARGET = 10.14;
				MTL_ENABLE_DEBUG_INFO = INCLUDE_SOURCE;
				MTL_FAST_MATH = YES;
				ONLY_ACTIVE_ARCH = YES;
				SDKROOT = macosx;
				SWIFT_ACTIVE_COMPILATION_CONDITIONS = DEBUG;
				SWIFT_OPTIMIZATION_LEVEL = "-Onone";
			};
			name = Debug;
		};
		1C47FA042256BCA300E509D1 /* Release */ = {
			isa = XCBuildConfiguration;
			buildSettings = {
				ALWAYS_SEARCH_USER_PATHS = NO;
				CLANG_ANALYZER_NONNULL = YES;
				CLANG_ANALYZER_NUMBER_OBJECT_CONVERSION = YES_AGGRESSIVE;
				CLANG_CXX_LANGUAGE_STANDARD = "gnu++14";
				CLANG_CXX_LIBRARY = "libc++";
				CLANG_ENABLE_MODULES = YES;
				CLANG_ENABLE_OBJC_ARC = YES;
				CLANG_ENABLE_OBJC_WEAK = YES;
				CLANG_WARN_BLOCK_CAPTURE_AUTORELEASING = YES;
				CLANG_WARN_BOOL_CONVERSION = YES;
				CLANG_WARN_COMMA = YES;
				CLANG_WARN_CONSTANT_CONVERSION = YES;
				CLANG_WARN_DEPRECATED_OBJC_IMPLEMENTATIONS = YES;
				CLANG_WARN_DIRECT_OBJC_ISA_USAGE = YES_ERROR;
				CLANG_WARN_DOCUMENTATION_COMMENTS = YES;
				CLANG_WARN_EMPTY_BODY = YES;
				CLANG_WARN_ENUM_CONVERSION = YES;
				CLANG_WARN_INFINITE_RECURSION = YES;
				CLANG_WARN_INT_CONVERSION = YES;
				CLANG_WARN_NON_LITERAL_NULL_CONVERSION = YES;
				CLANG_WARN_OBJC_IMPLICIT_RETAIN_SELF = YES;
				CLANG_WARN_OBJC_LITERAL_CONVERSION = YES;
				CLANG_WARN_OBJC_ROOT_CLASS = YES_ERROR;
				CLANG_WARN_RANGE_LOOP_ANALYSIS = YES;
				CLANG_WARN_STRICT_PROTOTYPES = YES;
				CLANG_WARN_SUSPICIOUS_MOVE = YES;
				CLANG_WARN_UNGUARDED_AVAILABILITY = YES_AGGRESSIVE;
				CLANG_WARN_UNREACHABLE_CODE = YES;
				CLANG_WARN__DUPLICATE_METHOD_MATCH = YES;
				CODE_SIGN_IDENTITY = "-";
				COPY_PHASE_STRIP = NO;
				DEBUG_INFORMATION_FORMAT = "dwarf-with-dsym";
				ENABLE_NS_ASSERTIONS = NO;
				ENABLE_STRICT_OBJC_MSGSEND = YES;
				GCC_C_LANGUAGE_STANDARD = gnu11;
				GCC_NO_COMMON_BLOCKS = YES;
				GCC_WARN_64_TO_32_BIT_CONVERSION = YES;
				GCC_WARN_ABOUT_RETURN_TYPE = YES_ERROR;
				GCC_WARN_UNDECLARED_SELECTOR = YES;
				GCC_WARN_UNINITIALIZED_AUTOS = YES_AGGRESSIVE;
				GCC_WARN_UNUSED_FUNCTION = YES;
				GCC_WARN_UNUSED_VARIABLE = YES;
				MACOSX_DEPLOYMENT_TARGET = 10.14;
				MTL_ENABLE_DEBUG_INFO = NO;
				MTL_FAST_MATH = YES;
				SDKROOT = macosx;
				SWIFT_COMPILATION_MODE = wholemodule;
				SWIFT_OPTIMIZATION_LEVEL = "-O";
			};
			name = Release;
		};
		1C47FA062256BCA300E509D1 /* Debug */ = {
			isa = XCBuildConfiguration;
			buildSettings = {
				ASSETCATALOG_COMPILER_APPICON_NAME = AppIcon;
				CODE_SIGN_ENTITLEMENTS = ParticleSimulation/ParticleSimulation.entitlements;
				CODE_SIGN_STYLE = Automatic;
				COMBINE_HIDPI_IMAGES = YES;
				INFOPLIST_FILE = ParticleSimulation/Info.plist;
				LD_RUNPATH_SEARCH_PATHS = (
					"$(inherited)",
					"@executable_path/../Frameworks",
				);
				PRODUCT_BUNDLE_IDENTIFIER = com.apple.ParticleSimulation;
				PRODUCT_NAME = "$(TARGET_NAME)";
				SWIFT_VERSION = 5.0;
			};
			name = Debug;
		};
		1C47FA072256BCA300E509D1 /* Release */ = {
			isa = XCBuildConfiguration;
			buildSettings = {
				ASSETCATALOG_COMPILER_APPICON_NAME = AppIcon;
				CODE_SIGN_ENTITLEMENTS = ParticleSimulation/ParticleSimulation.entitlements;
				CODE_SIGN_STYLE = Automatic;
				COMBINE_HIDPI_IMAGES = YES;
				INFOPLIST_FILE = ParticleSimulation/Info.plist;
				LD_RUNPATH_SEARCH_PATHS = (
					"$(inherited)",
					"@executable_path/../Frameworks",
				);
				PRODUCT_BUNDLE_IDENTIFIER = com.apple.ParticleSimulation;
				PRODUCT_NAME = "$(TARGET_NAME)";
				SWIFT_VERSION = 5.0;
			};
			name = Release;
		};
/* End XCBuildConfiguration section */

/* Begin XCConfigurationList section */
		1C47F9F22256BCA200E509D1 /* Build configuration list for PBXProject "ParticleSimulation" */ = {
			isa = XCConfigurationList;
			buildConfigurations = (
				1C47FA032256BCA300E509D1 /* Debug */,
				1C47FA042256BCA300E509D1 /* Release */,
			);
			defaultConfigurationIsVisible = 0;
			defaultConfigurationName = Release;
		};
		1C47FA052256BCA300E509D1 /* Build configuration list for PBXNativeTarget "ParticleSimulation" */ = {
			isa = XCConfigurationList;
			buildConfigurations = (
				1C47FA062256BCA300E509D1 /* Debug */,
				1C47FA072256BCA300E509D1 /* Release */,
			);
			defaultConfigurationIsVisible = 0;
			defaultConfigurationName = Release;
		};
/* End XCConfigurationList section */
	};
	rootObject = 1C47F9EF2256BCA200E509D1 /* Project object */;
}
