<?xml version="1.0" encoding="UTF-8"?>
<Scheme
   LastUpgradeVersion = "1140"
   version = "1.7">
   <BuildAction
      parallelizeBuildables = "YES"
      buildImplicitDependencies = "YES">
      <BuildActionEntries>
         <BuildActionEntry
            buildForTesting = "YES"
            buildForRunning = "YES"
            buildForProfiling = "YES"
            buildForArchiving = "YES"
            buildForAnalyzing = "YES">
            <BuildableReference
               BuildableIdentifier = "primary"
               BlueprintIdentifier = "1C8AA601243FBC020078686F"
               BuildableName = "FontOptimizerCLI"
               BlueprintName = "FontOptimizerCLI"
               ReferencedContainer = "container:FontOptimizer.xcodeproj">
            </BuildableReference>
         </BuildActionEntry>
      </BuildActionEntries>
   </BuildAction>
   <TestAction
      buildConfiguration = "Debug"
      selectedDebuggerIdentifier = "Xcode.DebuggerFoundation.Debugger.LLDB"
      selectedLauncherIdentifier = "Xcode.DebuggerFoundation.Launcher.LLDB"
      shouldUseLaunchSchemeArgsEnv = "YES">
      <Testables>
      </Testables>
   </TestAction>
   <LaunchAction
      buildConfiguration = "Release"
      selectedDebuggerIdentifier = "Xcode.DebuggerFoundation.Debugger.LLDB"
      selectedLauncherIdentifier = "Xcode.DebuggerFoundation.Launcher.LLDB"
      launchStyle = "0"
      useCustomWorkingDirectory = "NO"
      ignoresPersistentStateOnLaunch = "NO"
      debugDocumentVersioning = "YES"
      debugServiceExtension = "internal"
      allowLocationSimulation = "YES">
      <BuildableProductRunnable
         runnableDebuggingMode = "0">
         <BuildableReference
            BuildableIdentifier = "primary"
            BlueprintIdentifier = "1C8AA601243FBC020078686F"
            BuildableName = "FontOptimizerCLI"
            BlueprintName = "FontOptimizerCLI"
            ReferencedContainer = "container:FontOptimizer.xcodeproj">
         </BuildableReference>
      </BuildableProductRunnable>
      <CommandLineArguments>
         <CommandLineArgument
            argument = "--sampleSize"
            isEnabled = "YES">
         </CommandLineArgument>
         <CommandLineArgument
            argument = "1000"
            isEnabled = "YES">
         </CommandLineArgument>
         <CommandLineArgument
            argument = "--fontIndex"
            isEnabled = "YES">
         </CommandLineArgument>
         <CommandLineArgument
            argument = "2"
            isEnabled = "YES">
         </CommandLineArgument>
         <CommandLineArgument
            argument = "--roundTripURL"
            isEnabled = "YES">
         </CommandLineArgument>
         <CommandLineArgument
            argument = "https://github.com/google/fonts/blob/master/ofl/nanumbrushscript/NanumBrushScript-Regular.ttf?raw=true"
            isEnabled = "YES">
         </CommandLineArgument>
         <CommandLineArgument
            argument = "--seedCount"
            isEnabled = "YES">
         </CommandLineArgument>
         <CommandLineArgument
            argument = "2"
            isEnabled = "YES">
         </CommandLineArgument>
         <CommandLineArgument
            argument = "--iterations"
            isEnabled = "YES">
         </CommandLineArgument>
         <CommandLineArgument
            argument = "100000"
            isEnabled = "YES">
         </CommandLineArgument>
         <CommandLineArgument
            argument = "/Users/mmaxfield/Library/Mobile\ Documents/com\~apple\~CloudDocs/Documents/apache-nutch-1.16/output.json"
            isEnabled = "YES">
         </CommandLineArgument>
         <CommandLineArgument
            argument = "/System/Library/Fonts/PingFang.ttc"
            isEnabled = "YES">
         </CommandLineArgument>
         <CommandLineArgument
            argument = "/Users/mmaxfield/tmp/reordered.ttf"
            isEnabled = "YES">
         </CommandLineArgument>
      </CommandLineArguments>
   </LaunchAction>
   <ProfileAction
      buildConfiguration = "Release"
      shouldUseLaunchSchemeArgsEnv = "YES"
      savedToolIdentifier = ""
      useCustomWorkingDirectory = "NO"
      debugDocumentVersioning = "YES">
      <BuildableProductRunnable
         runnableDebuggingMode = "0">
         <BuildableReference
            BuildableIdentifier = "primary"
            BlueprintIdentifier = "1C8AA601243FBC020078686F"
            BuildableName = "FontOptimizerCLI"
            BlueprintName = "FontOptimizerCLI"
            ReferencedContainer = "container:FontOptimizer.xcodeproj">
         </BuildableReference>
      </BuildableProductRunnable>
   </ProfileAction>
   <AnalyzeAction
      buildConfiguration = "Debug">
   </AnalyzeAction>
   <ArchiveAction
      buildConfiguration = "Release"
      revealArchiveInOrganizer = "YES">
   </ArchiveAction>
   <InstallAction
      buildConfiguration = "Release">
   </InstallAction>
</Scheme>
